
Microsoft Visual Studio Solution File, Format Version 12.00
Project("{FAE04EC0-301F-11D3-BF4B-00C04F79EFBC}") = "DurakGame", "DurakGame\DurakGame.csproj", "{7B39097D-E349-4648-A74E-67AF8A26AA62}"
EndProject
Project("{FAE04EC0-301F-11D3-BF4B-00C04F79EFBC}") = "Durak.Test", "Durak.Test\Durak.Test.csproj", "{6A129171-716E-407C-B568-59E890B29C98}"
EndProject
Global
	GlobalSection(SolutionConfigurationPlatforms) = preSolution
		Debug|Any CPU = Debug|Any CPU
		Release|Any CPU = Release|Any CPU
	EndGlobalSection
	GlobalSection(ProjectConfigurationPlatforms) = postSolution
		{7B39097D-E349-4648-A74E-67AF8A26AA62}.Debug|Any CPU.ActiveCfg = Debug|Any CPU
		{7B39097D-E349-4648-A74E-67AF8A26AA62}.Debug|Any CPU.Build.0 = Debug|Any CPU
		{7B39097D-E349-4648-A74E-67AF8A26AA62}.Release|Any CPU.ActiveCfg = Release|Any CPU
		{7B39097D-E349-4648-A74E-67AF8A26AA62}.Release|Any CPU.Build.0 = Release|Any CPU
		{6A129171-716E-407C-B568-59E890B29C98}.Debug|Any CPU.ActiveCfg = Debug|Any CPU
		{6A129171-716E-407C-B568-59E890B29C98}.Debug|Any CPU.Build.0 = Debug|Any CPU
		{6A129171-716E-407C-B568-59E890B29C98}.Release|Any CPU.ActiveCfg = Release|Any CPU
		{6A129171-716E-407C-B568-59E890B29C98}.Release|Any CPU.Build.0 = Release|Any CPU
	EndGlobalSection
EndGlobal
